
Microsoft Visual Studio Solution File, Format Version 12.00
# Visual Studio Version 17
VisualStudioVersion = 17.3.32929.385
MinimumVisualStudioVersion = 10.0.40219.1
Project("{FAE04EC0-301F-11D3-BF4B-00C04F79EFBC}") = "Console_Checkerbot", "Console_Checkerbot\Console_Checkerbot.csproj", "{E2A33130-AB60-494A-A896-D99F2C3BD72E}"
EndProject
Global
	GlobalSection(SolutionConfigurationPlatforms) = preSolution
		Debug|Any CPU = Debug|Any CPU
		Release|Any CPU = Release|Any CPU
	EndGlobalSection
	GlobalSection(ProjectConfigurationPlatforms) = postSolution
		{E2A33130-AB60-494A-A896-D99F2C3BD72E}.Debug|Any CPU.ActiveCfg = Debug|Any CPU
		{E2A33130-AB60-494A-A896-D99F2C3BD72E}.Debug|Any CPU.Build.0 = Debug|Any CPU
		{E2A33130-AB60-494A-A896-D99F2C3BD72E}.Release|Any CPU.ActiveCfg = Release|Any CPU
		{E2A33130-AB60-494A-A896-D99F2C3BD72E}.Release|Any CPU.Build.0 = Release|Any CPU
	EndGlobalSection
	GlobalSection(SolutionProperties) = preSolution
		HideSolutionNode = FALSE
	EndGlobalSection
	GlobalSection(ExtensibilityGlobals) = postSolution
		SolutionGuid = {C9730896-49C3-43C6-A84D-A4DF58FF870E}
	EndGlobalSection
EndGlobal
